
Microsoft Visual Studio Solution File, Format Version 12.00
# Visual Studio Version 16
VisualStudioVersion = 16.0.30204.135
MinimumVisualStudioVersion = 10.0.40219.1
Project("{FAE04EC0-301F-11D3-BF4B-00C04F79EFBC}") = "task_asyns_await_Demo", "task_asyns_await_Demo\task_asyns_await_Demo.csproj", "{1987A18E-9CA9-42DF-A2BF-AB9D94C2FA4A}"
EndProject
Project("{FAE04EC0-301F-11D3-BF4B-00C04F79EFBC}") = "WinTaskRunDemo", "WinTaskRunDemo\WinTaskRunDemo.csproj", "{953A239B-D85E-4FE1-8C77-538B16ADF148}"
EndProject
Project("{9A19103F-16F7-4668-BE54-9A1E7A4F7556}") = "tasknewMethodDemo", "tasknewMethodDemo\tasknewMethodDemo.csproj", "{5BC14728-4B07-4082-BC5E-2AF63BD6CA86}"
EndProject
Project("{FAE04EC0-301F-11D3-BF4B-00C04F79EFBC}") = "WindowsFormsApp1", "WindowsFormsApp1\WindowsFormsApp1.csproj", "{2377F6AA-D387-4FAE-B51B-4A6706CB4E0A}"
EndProject
Project("{9A19103F-16F7-4668-BE54-9A1E7A4F7556}") = "FromResultDemos", "FromResultDemos\FromResultDemos.csproj", "{BF2E1317-CA81-4F98-8FF7-72CC67D116E8}"
EndProject
Project("{FAE04EC0-301F-11D3-BF4B-00C04F79EFBC}") = "CancellationTokenDemos", "CancellationTokenDemos\CancellationTokenDemos.csproj", "{C266F9F3-6297-4CDA-B28C-F1F44E5D5497}"
EndProject
Project("{9A19103F-16F7-4668-BE54-9A1E7A4F7556}") = "WebApplication1", "WebApplication1\WebApplication1.csproj", "{636CF1E5-30F7-441C-B0A8-9A133DF2C94E}"
EndProject
Project("{FAE04EC0-301F-11D3-BF4B-00C04F79EFBC}") = "WindowsFormsApp2", "WindowsFormsApp2\WindowsFormsApp2.csproj", "{48CFBB2B-45C0-40C2-A4EC-BB6D90EF7A5F}"
EndProject
Project("{9A19103F-16F7-4668-BE54-9A1E7A4F7556}") = "ObjectCompareDemo", "ObjectCompareDemo\ObjectCompareDemo.csproj", "{E8D46B07-6D13-49B0-82E6-694C6955FA48}"
EndProject
Project("{9A19103F-16F7-4668-BE54-9A1E7A4F7556}") = "PropertyInfoCanReadDemo", "PropertyInfoCanReadDemo\PropertyInfoCanReadDemo.csproj", "{84C53D7B-9208-4363-8C6F-9B5B75CFEB88}"
EndProject
Project("{9A19103F-16F7-4668-BE54-9A1E7A4F7556}") = "TaskResultDemos", "TaskResultDemos\TaskResultDemos.csproj", "{13413283-FB3F-457E-9281-48729E0F14A4}"
EndProject
Project("{9A19103F-16F7-4668-BE54-9A1E7A4F7556}") = "ThumnailDemo", "ThumnailDemo\ThumnailDemo.csproj", "{2F774437-798A-4F3B-BD51-1E30F2113033}"
EndProject
Project("{FAE04EC0-301F-11D3-BF4B-00C04F79EFBC}") = "cancelationToken2Demos", "cancelationToken2Demos\cancelationToken2Demos.csproj", "{08BC1C95-6E2D-4981-B38C-0E72C33394F9}"
EndProject
Global
	GlobalSection(SolutionConfigurationPlatforms) = preSolution
		Debug|Any CPU = Debug|Any CPU
		Release|Any CPU = Release|Any CPU
	EndGlobalSection
	GlobalSection(ProjectConfigurationPlatforms) = postSolution
		{1987A18E-9CA9-42DF-A2BF-AB9D94C2FA4A}.Debug|Any CPU.ActiveCfg = Debug|Any CPU
		{1987A18E-9CA9-42DF-A2BF-AB9D94C2FA4A}.Debug|Any CPU.Build.0 = Debug|Any CPU
		{1987A18E-9CA9-42DF-A2BF-AB9D94C2FA4A}.Release|Any CPU.ActiveCfg = Release|Any CPU
		{1987A18E-9CA9-42DF-A2BF-AB9D94C2FA4A}.Release|Any CPU.Build.0 = Release|Any CPU
		{953A239B-D85E-4FE1-8C77-538B16ADF148}.Debug|Any CPU.ActiveCfg = Debug|Any CPU
		{953A239B-D85E-4FE1-8C77-538B16ADF148}.Debug|Any CPU.Build.0 = Debug|Any CPU
		{953A239B-D85E-4FE1-8C77-538B16ADF148}.Release|Any CPU.ActiveCfg = Release|Any CPU
		{953A239B-D85E-4FE1-8C77-538B16ADF148}.Release|Any CPU.Build.0 = Release|Any CPU
		{5BC14728-4B07-4082-BC5E-2AF63BD6CA86}.Debug|Any CPU.ActiveCfg = Debug|Any CPU
		{5BC14728-4B07-4082-BC5E-2AF63BD6CA86}.Debug|Any CPU.Build.0 = Debug|Any CPU
		{5BC14728-4B07-4082-BC5E-2AF63BD6CA86}.Release|Any CPU.ActiveCfg = Release|Any CPU
		{5BC14728-4B07-4082-BC5E-2AF63BD6CA86}.Release|Any CPU.Build.0 = Release|Any CPU
		{2377F6AA-D387-4FAE-B51B-4A6706CB4E0A}.Debug|Any CPU.ActiveCfg = Debug|Any CPU
		{2377F6AA-D387-4FAE-B51B-4A6706CB4E0A}.Debug|Any CPU.Build.0 = Debug|Any CPU
		{2377F6AA-D387-4FAE-B51B-4A6706CB4E0A}.Release|Any CPU.ActiveCfg = Release|Any CPU
		{2377F6AA-D387-4FAE-B51B-4A6706CB4E0A}.Release|Any CPU.Build.0 = Release|Any CPU
		{BF2E1317-CA81-4F98-8FF7-72CC67D116E8}.Debug|Any CPU.ActiveCfg = Debug|Any CPU
		{BF2E1317-CA81-4F98-8FF7-72CC67D116E8}.Debug|Any CPU.Build.0 = Debug|Any CPU
		{BF2E1317-CA81-4F98-8FF7-72CC67D116E8}.Release|Any CPU.ActiveCfg = Release|Any CPU
		{BF2E1317-CA81-4F98-8FF7-72CC67D116E8}.Release|Any CPU.Build.0 = Release|Any CPU
		{C266F9F3-6297-4CDA-B28C-F1F44E5D5497}.Debug|Any CPU.ActiveCfg = Debug|Any CPU
		{C266F9F3-6297-4CDA-B28C-F1F44E5D5497}.Debug|Any CPU.Build.0 = Debug|Any CPU
		{C266F9F3-6297-4CDA-B28C-F1F44E5D5497}.Release|Any CPU.ActiveCfg = Release|Any CPU
		{C266F9F3-6297-4CDA-B28C-F1F44E5D5497}.Release|Any CPU.Build.0 = Release|Any CPU
		{636CF1E5-30F7-441C-B0A8-9A133DF2C94E}.Debug|Any CPU.ActiveCfg = Debug|Any CPU
		{636CF1E5-30F7-441C-B0A8-9A133DF2C94E}.Debug|Any CPU.Build.0 = Debug|Any CPU
		{636CF1E5-30F7-441C-B0A8-9A133DF2C94E}.Release|Any CPU.ActiveCfg = Release|Any CPU
		{636CF1E5-30F7-441C-B0A8-9A133DF2C94E}.Release|Any CPU.Build.0 = Release|Any CPU
		{48CFBB2B-45C0-40C2-A4EC-BB6D90EF7A5F}.Debug|Any CPU.ActiveCfg = Debug|Any CPU
		{48CFBB2B-45C0-40C2-A4EC-BB6D90EF7A5F}.Debug|Any CPU.Build.0 = Debug|Any CPU
		{48CFBB2B-45C0-40C2-A4EC-BB6D90EF7A5F}.Release|Any CPU.ActiveCfg = Release|Any CPU
		{48CFBB2B-45C0-40C2-A4EC-BB6D90EF7A5F}.Release|Any CPU.Build.0 = Release|Any CPU
		{E8D46B07-6D13-49B0-82E6-694C6955FA48}.Debug|Any CPU.ActiveCfg = Debug|Any CPU
		{E8D46B07-6D13-49B0-82E6-694C6955FA48}.Debug|Any CPU.Build.0 = Debug|Any CPU
		{E8D46B07-6D13-49B0-82E6-694C6955FA48}.Release|Any CPU.ActiveCfg = Release|Any CPU
		{E8D46B07-6D13-49B0-82E6-694C6955FA48}.Release|Any CPU.Build.0 = Release|Any CPU
		{84C53D7B-9208-4363-8C6F-9B5B75CFEB88}.Debug|Any CPU.ActiveCfg = Debug|Any CPU
		{84C53D7B-9208-4363-8C6F-9B5B75CFEB88}.Debug|Any CPU.Build.0 = Debug|Any CPU
		{84C53D7B-9208-4363-8C6F-9B5B75CFEB88}.Release|Any CPU.ActiveCfg = Release|Any CPU
		{84C53D7B-9208-4363-8C6F-9B5B75CFEB88}.Release|Any CPU.Build.0 = Release|Any CPU
		{13413283-FB3F-457E-9281-48729E0F14A4}.Debug|Any CPU.ActiveCfg = Debug|Any CPU
		{13413283-FB3F-457E-9281-48729E0F14A4}.Debug|Any CPU.Build.0 = Debug|Any CPU
		{13413283-FB3F-457E-9281-48729E0F14A4}.Release|Any CPU.ActiveCfg = Release|Any CPU
		{13413283-FB3F-457E-9281-48729E0F14A4}.Release|Any CPU.Build.0 = Release|Any CPU
		{2F774437-798A-4F3B-BD51-1E30F2113033}.Debug|Any CPU.ActiveCfg = Debug|Any CPU
		{2F774437-798A-4F3B-BD51-1E30F2113033}.Debug|Any CPU.Build.0 = Debug|Any CPU
		{2F774437-798A-4F3B-BD51-1E30F2113033}.Release|Any CPU.ActiveCfg = Release|Any CPU
		{2F774437-798A-4F3B-BD51-1E30F2113033}.Release|Any CPU.Build.0 = Release|Any CPU
		{08BC1C95-6E2D-4981-B38C-0E72C33394F9}.Debug|Any CPU.ActiveCfg = Debug|Any CPU
		{08BC1C95-6E2D-4981-B38C-0E72C33394F9}.Debug|Any CPU.Build.0 = Debug|Any CPU
		{08BC1C95-6E2D-4981-B38C-0E72C33394F9}.Release|Any CPU.ActiveCfg = Release|Any CPU
		{08BC1C95-6E2D-4981-B38C-0E72C33394F9}.Release|Any CPU.Build.0 = Release|Any CPU
	EndGlobalSection
	GlobalSection(SolutionProperties) = preSolution
		HideSolutionNode = FALSE
	EndGlobalSection
	GlobalSection(ExtensibilityGlobals) = postSolution
		SolutionGuid = {8FCD1AFA-F64F-4CC5-984D-D9DD3401109E}
	EndGlobalSection
EndGlobal
